
Microsoft Visual Studio Solution File, Format Version 12.00
# Visual Studio Version 16
VisualStudioVersion = 16.0.31205.134
MinimumVisualStudioVersion = 10.0.40219.1
Project("{2150E333-8FDC-42A3-9474-1A3956D46DE8}") = "Apps", "Apps", "{95AA9EFB-A0BA-4824-B504-260396E19DDE}"
EndProject
Project("{9A19103F-16F7-4668-BE54-9A1E7A4F7556}") = "Git", "Apps\Git\Git.csproj", "{30251896-3B41-47ED-87E0-51E89FC87E20}"
EndProject
Project("{9A19103F-16F7-4668-BE54-9A1E7A4F7556}") = "MyWebServer", "MyWebServer\MyWebServer.csproj", "{EF59F20B-FF29-4028-85FC-5F07CEACBCE9}"
EndProject
Project("{9A19103F-16F7-4668-BE54-9A1E7A4F7556}") = "CarShop", "Apps\CarShop\CarShop.csproj", "{D7ECC308-5165-4CCF-B7AD-152F1E6FB912}"
EndProject
Project("{FAE04EC0-301F-11D3-BF4B-00C04F79EFBC}") = "Andrey", "Andrey\Andrey.csproj", "{7BB52CE3-DC46-48FF-9E96-B79EE03EE061}"
EndProject
Global
	GlobalSection(SolutionConfigurationPlatforms) = preSolution
		Debug|Any CPU = Debug|Any CPU
		Release|Any CPU = Release|Any CPU
	EndGlobalSection
	GlobalSection(ProjectConfigurationPlatforms) = postSolution
		{30251896-3B41-47ED-87E0-51E89FC87E20}.Debug|Any CPU.ActiveCfg = Debug|Any CPU
		{30251896-3B41-47ED-87E0-51E89FC87E20}.Debug|Any CPU.Build.0 = Debug|Any CPU
		{30251896-3B41-47ED-87E0-51E89FC87E20}.Release|Any CPU.ActiveCfg = Release|Any CPU
		{30251896-3B41-47ED-87E0-51E89FC87E20}.Release|Any CPU.Build.0 = Release|Any CPU
		{EF59F20B-FF29-4028-85FC-5F07CEACBCE9}.Debug|Any CPU.ActiveCfg = Debug|Any CPU
		{EF59F20B-FF29-4028-85FC-5F07CEACBCE9}.Debug|Any CPU.Build.0 = Debug|Any CPU
		{EF59F20B-FF29-4028-85FC-5F07CEACBCE9}.Release|Any CPU.ActiveCfg = Release|Any CPU
		{EF59F20B-FF29-4028-85FC-5F07CEACBCE9}.Release|Any CPU.Build.0 = Release|Any CPU
		{D7ECC308-5165-4CCF-B7AD-152F1E6FB912}.Debug|Any CPU.ActiveCfg = Debug|Any CPU
		{D7ECC308-5165-4CCF-B7AD-152F1E6FB912}.Debug|Any CPU.Build.0 = Debug|Any CPU
		{D7ECC308-5165-4CCF-B7AD-152F1E6FB912}.Release|Any CPU.ActiveCfg = Release|Any CPU
		{D7ECC308-5165-4CCF-B7AD-152F1E6FB912}.Release|Any CPU.Build.0 = Release|Any CPU
		{7BB52CE3-DC46-48FF-9E96-B79EE03EE061}.Debug|Any CPU.ActiveCfg = Debug|Any CPU
		{7BB52CE3-DC46-48FF-9E96-B79EE03EE061}.Debug|Any CPU.Build.0 = Debug|Any CPU
		{7BB52CE3-DC46-48FF-9E96-B79EE03EE061}.Release|Any CPU.ActiveCfg = Release|Any CPU
		{7BB52CE3-DC46-48FF-9E96-B79EE03EE061}.Release|Any CPU.Build.0 = Release|Any CPU
	EndGlobalSection
	GlobalSection(SolutionProperties) = preSolution
		HideSolutionNode = FALSE
	EndGlobalSection
	GlobalSection(NestedProjects) = preSolution
		{30251896-3B41-47ED-87E0-51E89FC87E20} = {95AA9EFB-A0BA-4824-B504-260396E19DDE}
		{D7ECC308-5165-4CCF-B7AD-152F1E6FB912} = {95AA9EFB-A0BA-4824-B504-260396E19DDE}
		{7BB52CE3-DC46-48FF-9E96-B79EE03EE061} = {95AA9EFB-A0BA-4824-B504-260396E19DDE}
	EndGlobalSection
	GlobalSection(ExtensibilityGlobals) = postSolution
		SolutionGuid = {B9218E3C-82C9-46BF-8569-4C5DC669BB3B}
	EndGlobalSection
EndGlobal
